Microsoft Visual Studio Solution File, Format Version 12.00
# Visual Studio Version 17
VisualStudioVersion = 17.5.2.0
MinimumVisualStudioVersion = 10.0.40219.1
Project("{FAE04EC0-301F-11D3-BF4B-00C04F79EFBC}") = "InvoiceBackend", "InvoiceBackend.csproj", "{06EE7B72-F9DB-6B0D-41D2-FC4A3A5400AA}"
EndProject
Global
	GlobalSection(SolutionConfigurationPlatforms) = preSolution
		Debug|Any CPU = Debug|Any CPU
		Release|Any CPU = Release|Any CPU
	EndGlobalSection
	GlobalSection(ProjectConfigurationPlatforms) = postSolution
		{06EE7B72-F9DB-6B0D-41D2-FC4A3A5400AA}.Debug|Any CPU.ActiveCfg = Debug|Any CPU
		{06EE7B72-F9DB-6B0D-41D2-FC4A3A5400AA}.Debug|Any CPU.Build.0 = Debug|Any CPU
		{06EE7B72-F9DB-6B0D-41D2-FC4A3A5400AA}.Release|Any CPU.ActiveCfg = Release|Any CPU
		{06EE7B72-F9DB-6B0D-41D2-FC4A3A5400AA}.Release|Any CPU.Build.0 = Release|Any CPU
	EndGlobalSection
	GlobalSection(SolutionProperties) = preSolution
		HideSolutionNode = FALSE
	EndGlobalSection
	GlobalSection(ExtensibilityGlobals) = postSolution
		SolutionGuid = {2D34AF14-6A3A-4AEC-86FD-0BDD961B1887}
	EndGlobalSection
EndGlobal
